
Microsoft Visual Studio Solution File, Format Version 12.00
# Visual Studio 14
VisualStudioVersion = 14.0.22129.1
MinimumVisualStudioVersion = 10.0.40219.1
Project("{2150E333-8FDC-42A3-9474-1A3956D46DE8}") = "CredentialLocker", "CredentialLocker", "{173CA81F-23A4-4161-8F80-4948EE43E6DF}"
EndProject
Project("{D954291E-2A0B-460D-934E-DC6B0785DB48}") = "CredentialLocker.Shared", "CredentialLocker\CredentialLocker.Shared\CredentialLocker.Shared.shproj", "{BAE45368-AD20-4415-BC3B-BEA610169438}"
EndProject
Project("{FAE04EC0-301F-11D3-BF4B-00C04F79EFBC}") = "CredentialLocker.Windows", "CredentialLocker\CredentialLocker.Windows\CredentialLocker.Windows.csproj", "{540AAC17-8C7E-47E2-8295-5EE60633421C}"
EndProject
Project("{FAE04EC0-301F-11D3-BF4B-00C04F79EFBC}") = "CredentialLocker.WindowsPhone", "CredentialLocker\CredentialLocker.WindowsPhone\CredentialLocker.WindowsPhone.csproj", "{49C86634-4E09-44B8-AC90-C520052618B3}"
EndProject
Project("{2150E333-8FDC-42A3-9474-1A3956D46DE8}") = ".nuget", ".nuget", "{597CA624-336A-42A8-875A-C44F53443D5A}"
	ProjectSection(SolutionItems) = preProject
		.nuget\NuGet.Config = .nuget\NuGet.Config
		.nuget\NuGet.exe = .nuget\NuGet.exe
		.nuget\NuGet.targets = .nuget\NuGet.targets
	EndProjectSection
EndProject
Global
	GlobalSection(SharedMSBuildProjectFiles) = preSolution
		CredentialLocker\CredentialLocker.Shared\CredentialLocker.Shared.projitems*{540aac17-8c7e-47e2-8295-5ee60633421c}*SharedItemsImports = 4
		CredentialLocker\CredentialLocker.Shared\CredentialLocker.Shared.projitems*{bae45368-ad20-4415-bc3b-bea610169438}*SharedItemsImports = 13
		CredentialLocker\CredentialLocker.Shared\CredentialLocker.Shared.projitems*{49c86634-4e09-44b8-ac90-c520052618b3}*SharedItemsImports = 4
	EndGlobalSection
	GlobalSection(SolutionConfigurationPlatforms) = preSolution
		Debug|Any CPU = Debug|Any CPU
		Debug|ARM = Debug|ARM
		Debug|x64 = Debug|x64
		Debug|x86 = Debug|x86
		Release|Any CPU = Release|Any CPU
		Release|ARM = Release|ARM
		Release|x64 = Release|x64
		Release|x86 = Release|x86
	EndGlobalSection
	GlobalSection(ProjectConfigurationPlatforms) = postSolution
		{540AAC17-8C7E-47E2-8295-5EE60633421C}.Debug|Any CPU.ActiveCfg = Debug|Any CPU
		{540AAC17-8C7E-47E2-8295-5EE60633421C}.Debug|Any CPU.Build.0 = Debug|Any CPU
		{540AAC17-8C7E-47E2-8295-5EE60633421C}.Debug|Any CPU.Deploy.0 = Debug|Any CPU
		{540AAC17-8C7E-47E2-8295-5EE60633421C}.Debug|ARM.ActiveCfg = Debug|ARM
		{540AAC17-8C7E-47E2-8295-5EE60633421C}.Debug|ARM.Build.0 = Debug|ARM
		{540AAC17-8C7E-47E2-8295-5EE60633421C}.Debug|ARM.Deploy.0 = Debug|ARM
		{540AAC17-8C7E-47E2-8295-5EE60633421C}.Debug|x64.ActiveCfg = Debug|x64
		{540AAC17-8C7E-47E2-8295-5EE60633421C}.Debug|x64.Build.0 = Debug|x64
		{540AAC17-8C7E-47E2-8295-5EE60633421C}.Debug|x64.Deploy.0 = Debug|x64
		{540AAC17-8C7E-47E2-8295-5EE60633421C}.Debug|x86.ActiveCfg = Debug|x86
		{540AAC17-8C7E-47E2-8295-5EE60633421C}.Debug|x86.Build.0 = Debug|x86
		{540AAC17-8C7E-47E2-8295-5EE60633421C}.Debug|x86.Deploy.0 = Debug|x86
		{540AAC17-8C7E-47E2-8295-5EE60633421C}.Release|Any CPU.ActiveCfg = Release|Any CPU
		{540AAC17-8C7E-47E2-8295-5EE60633421C}.Release|Any CPU.Build.0 = Release|Any CPU
		{540AAC17-8C7E-47E2-8295-5EE60633421C}.Release|Any CPU.Deploy.0 = Release|Any CPU
		{540AAC17-8C7E-47E2-8295-5EE60633421C}.Release|ARM.ActiveCfg = Release|ARM
		{540AAC17-8C7E-47E2-8295-5EE60633421C}.Release|ARM.Build.0 = Release|ARM
		{540AAC17-8C7E-47E2-8295-5EE60633421C}.Release|ARM.Deploy.0 = Release|ARM
		{540AAC17-8C7E-47E2-8295-5EE60633421C}.Release|x64.ActiveCfg = Release|x64
		{540AAC17-8C7E-47E2-8295-5EE60633421C}.Release|x64.Build.0 = Release|x64
		{540AAC17-8C7E-47E2-8295-5EE60633421C}.Release|x64.Deploy.0 = Release|x64
		{540AAC17-8C7E-47E2-8295-5EE60633421C}.Release|x86.ActiveCfg = Release|x86
		{540AAC17-8C7E-47E2-8295-5EE60633421C}.Release|x86.Build.0 = Release|x86
		{540AAC17-8C7E-47E2-8295-5EE60633421C}.Release|x86.Deploy.0 = Release|x86
		{49C86634-4E09-44B8-AC90-C520052618B3}.Debug|Any CPU.ActiveCfg = Debug|Any CPU
		{49C86634-4E09-44B8-AC90-C520052618B3}.Debug|Any CPU.Build.0 = Debug|Any CPU
		{49C86634-4E09-44B8-AC90-C520052618B3}.Debug|Any CPU.Deploy.0 = Debug|Any CPU
		{49C86634-4E09-44B8-AC90-C520052618B3}.Debug|ARM.ActiveCfg = Debug|ARM
		{49C86634-4E09-44B8-AC90-C520052618B3}.Debug|ARM.Build.0 = Debug|ARM
		{49C86634-4E09-44B8-AC90-C520052618B3}.Debug|ARM.Deploy.0 = Debug|ARM
		{49C86634-4E09-44B8-AC90-C520052618B3}.Debug|x64.ActiveCfg = Debug|Any CPU
		{49C86634-4E09-44B8-AC90-C520052618B3}.Debug|x86.ActiveCfg = Debug|x86
		{49C86634-4E09-44B8-AC90-C520052618B3}.Debug|x86.Build.0 = Debug|x86
		{49C86634-4E09-44B8-AC90-C520052618B3}.Debug|x86.Deploy.0 = Debug|x86
		{49C86634-4E09-44B8-AC90-C520052618B3}.Release|Any CPU.ActiveCfg = Release|Any CPU
		{49C86634-4E09-44B8-AC90-C520052618B3}.Release|Any CPU.Build.0 = Release|Any CPU
		{49C86634-4E09-44B8-AC90-C520052618B3}.Release|Any CPU.Deploy.0 = Release|Any CPU
		{49C86634-4E09-44B8-AC90-C520052618B3}.Release|ARM.ActiveCfg = Release|ARM
		{49C86634-4E09-44B8-AC90-C520052618B3}.Release|ARM.Build.0 = Release|ARM
		{49C86634-4E09-44B8-AC90-C520052618B3}.Release|ARM.Deploy.0 = Release|ARM
		{49C86634-4E09-44B8-AC90-C520052618B3}.Release|x64.ActiveCfg = Release|Any CPU
		{49C86634-4E09-44B8-AC90-C520052618B3}.Release|x86.ActiveCfg = Release|x86
		{49C86634-4E09-44B8-AC90-C520052618B3}.Release|x86.Build.0 = Release|x86
		{49C86634-4E09-44B8-AC90-C520052618B3}.Release|x86.Deploy.0 = Release|x86
	EndGlobalSection
	GlobalSection(SolutionProperties) = preSolution
		HideSolutionNode = FALSE
	EndGlobalSection
	GlobalSection(NestedProjects) = preSolution
		{BAE45368-AD20-4415-BC3B-BEA610169438} = {173CA81F-23A4-4161-8F80-4948EE43E6DF}
		{540AAC17-8C7E-47E2-8295-5EE60633421C} = {173CA81F-23A4-4161-8F80-4948EE43E6DF}
		{49C86634-4E09-44B8-AC90-C520052618B3} = {173CA81F-23A4-4161-8F80-4948EE43E6DF}
	EndGlobalSection
EndGlobal
